{
  "pins" : [
    {
      "identity" : "comp7005finalprojectsocket",
      "kind" : "remoteSourceControl",
      "location" : "https://github.com/raymondxxu/Comp7005FinalProjectSocket",
      "state" : {
        "branch" : "main",
        "revision" : "0bb22cba375debfaaabcbc48fc661967540d17a0"
      }
    }
  ],
  "version" : 2
}
